// !$*UTF8*$!
{
	archiveVersion = 1;
	classes = {
	};
	objectVersion = 56;
	objects = {

/* Begin PBXBuildFile section */
		1E217C032F93AFD100C7905D /* SettingsViewModel.swift in Sources */ = {isa = PBXBuildFile; fileRef = 1E217C012F93AFD100C7905D /* SettingsViewModel.swift */; };
		1E217C042F93AFD100C7905D /* DramaListViewModel.swift in Sources */ = {isa = PBXBuildFile; fileRef = 1E217C002F93AFD100C7905D /* DramaListViewModel.swift */; };
		AA000001 /* HuobaoDramaApp.swift in Sources */ = {isa = PBXBuildFile; fileRef = AA100001 /* HuobaoDramaApp.swift */; };
		AA000002 /* ContentView.swift in Sources */ = {isa = PBXBuildFile; fileRef = AA100002 /* ContentView.swift */; };
		AA000003 /* Assets.xcassets in Resources */ = {isa = PBXBuildFile; fileRef = AA100003 /* Assets.xcassets */; };
		AA000004 /* Preview Assets.xcassets in Resources */ = {isa = PBXBuildFile; fileRef = AA100004 /* Preview Assets.xcassets */; };
		AA000005 /* Router.swift in Sources */ = {isa = PBXBuildFile; fileRef = AA100005 /* Router.swift */; };
		AA000006 /* APIResponse.swift in Sources */ = {isa = PBXBuildFile; fileRef = AA100006 /* APIResponse.swift */; };
		AA000007 /* Enums.swift in Sources */ = {isa = PBXBuildFile; fileRef = AA100007 /* Enums.swift */; };
		AA000008 /* Drama.swift in Sources */ = {isa = PBXBuildFile; fileRef = AA100008 /* Drama.swift */; };
		AA000009 /* Episode.swift in Sources */ = {isa = PBXBuildFile; fileRef = AA100009 /* Episode.swift */; };
		AA000010 /* Character.swift in Sources */ = {isa = PBXBuildFile; fileRef = AA100010 /* Character.swift */; };
		AA000011 /* Scene.swift in Sources */ = {isa = PBXBuildFile; fileRef = AA100011 /* Scene.swift */; };
		AA000012 /* Storyboard.swift in Sources */ = {isa = PBXBuildFile; fileRef = AA100012 /* Storyboard.swift */; };
		AA000013 /* AIServiceConfig.swift in Sources */ = {isa = PBXBuildFile; fileRef = AA100013 /* AIServiceConfig.swift */; };
		AA000014 /* AgentConfig.swift in Sources */ = {isa = PBXBuildFile; fileRef = AA100014 /* AgentConfig.swift */; };
		AA000015 /* Skill.swift in Sources */ = {isa = PBXBuildFile; fileRef = AA100015 /* Skill.swift */; };
		AA000016 /* VoiceProfile.swift in Sources */ = {isa = PBXBuildFile; fileRef = AA100016 /* VoiceProfile.swift */; };
		AA000017 /* RequestTypes.swift in Sources */ = {isa = PBXBuildFile; fileRef = AA100017 /* RequestTypes.swift */; };
		AA000018 /* APIClient.swift in Sources */ = {isa = PBXBuildFile; fileRef = AA100018 /* APIClient.swift */; };
		AA000019 /* APIEndpoints.swift in Sources */ = {isa = PBXBuildFile; fileRef = AA100019 /* APIEndpoints.swift */; };
		AA000020 /* ConnectionSettingsStore.swift in Sources */ = {isa = PBXBuildFile; fileRef = AA100020 /* ConnectionSettingsStore.swift */; };
		AA000021 /* PollingCoordinator.swift in Sources */ = {isa = PBXBuildFile; fileRef = AA100021 /* PollingCoordinator.swift */; };
		AA000022 /* DownloadExportService.swift in Sources */ = {isa = PBXBuildFile; fileRef = AA100022 /* DownloadExportService.swift */; };
		AA000023 /* Colors.swift in Sources */ = {isa = PBXBuildFile; fileRef = AA100023 /* Colors.swift */; };
		AA000024 /* Typography.swift in Sources */ = {isa = PBXBuildFile; fileRef = AA100024 /* Typography.swift */; };
		AA000025 /* DesignTokens.swift in Sources */ = {isa = PBXBuildFile; fileRef = AA100025 /* DesignTokens.swift */; };
		AA000026 /* Shadows.swift in Sources */ = {isa = PBXBuildFile; fileRef = AA100026 /* Shadows.swift */; };
		AA000027 /* ViewModifiers.swift in Sources */ = {isa = PBXBuildFile; fileRef = AA100027 /* ViewModifiers.swift */; };
		AA000028 /* SearchablePicker.swift in Sources */ = {isa = PBXBuildFile; fileRef = AA100028 /* SearchablePicker.swift */; };
		AA000029 /* CardView.swift in Sources */ = {isa = PBXBuildFile; fileRef = AA100029 /* CardView.swift */; };
		AA000030 /* TagView.swift in Sources */ = {isa = PBXBuildFile; fileRef = AA100030 /* TagView.swift */; };
		AA000031 /* StatusDot.swift in Sources */ = {isa = PBXBuildFile; fileRef = AA100031 /* StatusDot.swift */; };
		AA000032 /* LoadingOverlay.swift in Sources */ = {isa = PBXBuildFile; fileRef = AA100032 /* LoadingOverlay.swift */; };
		AA000033 /* EmptyStateView.swift in Sources */ = {isa = PBXBuildFile; fileRef = AA100033 /* EmptyStateView.swift */; };
		AA000034 /* ImageViewer.swift in Sources */ = {isa = PBXBuildFile; fileRef = AA100034 /* ImageViewer.swift */; };
		AA000035 /* AudioPlayerView.swift in Sources */ = {isa = PBXBuildFile; fileRef = AA100035 /* AudioPlayerView.swift */; };
		AA000036 /* VideoPlayerView.swift in Sources */ = {isa = PBXBuildFile; fileRef = AA100036 /* VideoPlayerView.swift */; };
		AA000037 /* StepBubbleBar.swift in Sources */ = {isa = PBXBuildFile; fileRef = AA100037 /* StepBubbleBar.swift */; };
		AA000038 /* ModalSheet.swift in Sources */ = {isa = PBXBuildFile; fileRef = AA100038 /* ModalSheet.swift */; };
		AA000039 /* ModelDecodingTests.swift in Sources */ = {isa = PBXBuildFile; fileRef = AA100039 /* ModelDecodingTests.swift */; };
		AA000040 /* HuobaoDrama.app in Frameworks */ = {isa = PBXBuildFile; fileRef = AA100000 /* HuobaoDrama.app */; };
/* End PBXBuildFile section */

/* Begin PBXContainerItemProxy section */
		AA810000 /* PBXContainerItemProxy */ = {
			isa = PBXContainerItemProxy;
			containerPortal = AA600000 /* Project object */;
			proxyType = 1;
			remoteGlobalIDString = AA400000;
			remoteInfo = HuobaoDrama;
		};
/* End PBXContainerItemProxy section */

/* Begin PBXFileReference section */
		1E217C002F93AFD100C7905D /* DramaListViewModel.swift */ = {isa = PBXFileReference; lastKnownFileType = sourcecode.swift; path = DramaListViewModel.swift; sourceTree = "<group>"; };
		1E217C012F93AFD100C7905D /* SettingsViewModel.swift */ = {isa = PBXFileReference; lastKnownFileType = sourcecode.swift; path = SettingsViewModel.swift; sourceTree = "<group>"; };
		AA100000 /* HuobaoDrama.app */ = {isa = PBXFileReference; explicitFileType = wrapper.application; includeInIndex = 0; path = HuobaoDrama.app; sourceTree = BUILT_PRODUCTS_DIR; };
		AA100001 /* HuobaoDramaApp.swift */ = {isa = PBXFileReference; lastKnownFileType = sourcecode.swift; path = HuobaoDramaApp.swift; sourceTree = "<group>"; };
		AA100002 /* ContentView.swift */ = {isa = PBXFileReference; lastKnownFileType = sourcecode.swift; path = ContentView.swift; sourceTree = "<group>"; };
		AA100003 /* Assets.xcassets */ = {isa = PBXFileReference; lastKnownFileType = folder.assetcatalog; path = Assets.xcassets; sourceTree = "<group>"; };
		AA100004 /* Preview Assets.xcassets */ = {isa = PBXFileReference; lastKnownFileType = folder.assetcatalog; path = "Preview Assets.xcassets"; sourceTree = "<group>"; };
		AA100005 /* Router.swift */ = {isa = PBXFileReference; lastKnownFileType = sourcecode.swift; path = Router.swift; sourceTree = "<group>"; };
		AA100006 /* APIResponse.swift */ = {isa = PBXFileReference; lastKnownFileType = sourcecode.swift; path = APIResponse.swift; sourceTree = "<group>"; };
		AA100007 /* Enums.swift */ = {isa = PBXFileReference; lastKnownFileType = sourcecode.swift; path = Enums.swift; sourceTree = "<group>"; };
		AA100008 /* Drama.swift */ = {isa = PBXFileReference; lastKnownFileType = sourcecode.swift; path = Drama.swift; sourceTree = "<group>"; };
		AA100009 /* Episode.swift */ = {isa = PBXFileReference; lastKnownFileType = sourcecode.swift; path = Episode.swift; sourceTree = "<group>"; };
		AA100010 /* Character.swift */ = {isa = PBXFileReference; lastKnownFileType = sourcecode.swift; path = Character.swift; sourceTree = "<group>"; };
		AA100011 /* Scene.swift */ = {isa = PBXFileReference; lastKnownFileType = sourcecode.swift; path = Scene.swift; sourceTree = "<group>"; };
		AA100012 /* Storyboard.swift */ = {isa = PBXFileReference; lastKnownFileType = sourcecode.swift; path = Storyboard.swift; sourceTree = "<group>"; };
		AA100013 /* AIServiceConfig.swift */ = {isa = PBXFileReference; lastKnownFileType = sourcecode.swift; path = AIServiceConfig.swift; sourceTree = "<group>"; };
		AA100014 /* AgentConfig.swift */ = {isa = PBXFileReference; lastKnownFileType = sourcecode.swift; path = AgentConfig.swift; sourceTree = "<group>"; };
		AA100015 /* Skill.swift */ = {isa = PBXFileReference; lastKnownFileType = sourcecode.swift; path = Skill.swift; sourceTree = "<group>"; };
		AA100016 /* VoiceProfile.swift */ = {isa = PBXFileReference; lastKnownFileType = sourcecode.swift; path = VoiceProfile.swift; sourceTree = "<group>"; };
		AA100017 /* RequestTypes.swift */ = {isa = PBXFileReference; lastKnownFileType = sourcecode.swift; path = RequestTypes.swift; sourceTree = "<group>"; };
		AA100018 /* APIClient.swift */ = {isa = PBXFileReference; lastKnownFileType = sourcecode.swift; path = APIClient.swift; sourceTree = "<group>"; };
		AA100019 /* APIEndpoints.swift */ = {isa = PBXFileReference; lastKnownFileType = sourcecode.swift; path = APIEndpoints.swift; sourceTree = "<group>"; };
		AA100020 /* ConnectionSettingsStore.swift */ = {isa = PBXFileReference; lastKnownFileType = sourcecode.swift; path = ConnectionSettingsStore.swift; sourceTree = "<group>"; };
		AA100021 /* PollingCoordinator.swift */ = {isa = PBXFileReference; lastKnownFileType = sourcecode.swift; path = PollingCoordinator.swift; sourceTree = "<group>"; };
		AA100022 /* DownloadExportService.swift */ = {isa = PBXFileReference; lastKnownFileType = sourcecode.swift; path = DownloadExportService.swift; sourceTree = "<group>"; };
		AA100023 /* Colors.swift */ = {isa = PBXFileReference; lastKnownFileType = sourcecode.swift; path = Colors.swift; sourceTree = "<group>"; };
		AA100024 /* Typography.swift */ = {isa = PBXFileReference; lastKnownFileType = sourcecode.swift; path = Typography.swift; sourceTree = "<group>"; };
		AA100025 /* DesignTokens.swift */ = {isa = PBXFileReference; lastKnownFileType = sourcecode.swift; path = DesignTokens.swift; sourceTree = "<group>"; };
		AA100026 /* Shadows.swift */ = {isa = PBXFileReference; lastKnownFileType = sourcecode.swift; path = Shadows.swift; sourceTree = "<group>"; };
		AA100027 /* ViewModifiers.swift */ = {isa = PBXFileReference; lastKnownFileType = sourcecode.swift; path = ViewModifiers.swift; sourceTree = "<group>"; };
		AA100028 /* SearchablePicker.swift */ = {isa = PBXFileReference; lastKnownFileType = sourcecode.swift; path = SearchablePicker.swift; sourceTree = "<group>"; };
		AA100029 /* CardView.swift */ = {isa = PBXFileReference; lastKnownFileType = sourcecode.swift; path = CardView.swift; sourceTree = "<group>"; };
		AA100030 /* TagView.swift */ = {isa = PBXFileReference; lastKnownFileType = sourcecode.swift; path = TagView.swift; sourceTree = "<group>"; };
		AA100031 /* StatusDot.swift */ = {isa = PBXFileReference; lastKnownFileType = sourcecode.swift; path = StatusDot.swift; sourceTree = "<group>"; };
		AA100032 /* LoadingOverlay.swift */ = {isa = PBXFileReference; lastKnownFileType = sourcecode.swift; path = LoadingOverlay.swift; sourceTree = "<group>"; };
		AA100033 /* EmptyStateView.swift */ = {isa = PBXFileReference; lastKnownFileType = sourcecode.swift; path = EmptyStateView.swift; sourceTree = "<group>"; };
		AA100034 /* ImageViewer.swift */ = {isa = PBXFileReference; lastKnownFileType = sourcecode.swift; path = ImageViewer.swift; sourceTree = "<group>"; };
		AA100035 /* AudioPlayerView.swift */ = {isa = PBXFileReference; lastKnownFileType = sourcecode.swift; path = AudioPlayerView.swift; sourceTree = "<group>"; };
		AA100036 /* VideoPlayerView.swift */ = {isa = PBXFileReference; lastKnownFileType = sourcecode.swift; path = VideoPlayerView.swift; sourceTree = "<group>"; };
		AA100037 /* StepBubbleBar.swift */ = {isa = PBXFileReference; lastKnownFileType = sourcecode.swift; path = StepBubbleBar.swift; sourceTree = "<group>"; };
		AA100038 /* ModalSheet.swift */ = {isa = PBXFileReference; lastKnownFileType = sourcecode.swift; path = ModalSheet.swift; sourceTree = "<group>"; };
		AA100039 /* ModelDecodingTests.swift */ = {isa = PBXFileReference; lastKnownFileType = sourcecode.swift; path = ModelDecodingTests.swift; sourceTree = "<group>"; };
		AA100050 /* HuobaoDramaTests.xctest */ = {isa = PBXFileReference; explicitFileType = wrapper.cfbundle; includeInIndex = 0; path = HuobaoDramaTests.xctest; sourceTree = BUILT_PRODUCTS_DIR; };
/* End PBXFileReference section */

/* Begin PBXFrameworksBuildPhase section */
		AA200001 /* Frameworks */ = {
			isa = PBXFrameworksBuildPhase;
			buildActionMask = 2147483647;
			files = (
			);
			runOnlyForDeploymentPostprocessing = 0;
		};
		AA200010 /* Frameworks */ = {
			isa = PBXFrameworksBuildPhase;
			buildActionMask = 2147483647;
			files = (
				AA000040 /* HuobaoDrama.app in Frameworks */,
			);
			runOnlyForDeploymentPostprocessing = 0;
		};
/* End PBXFrameworksBuildPhase section */

/* Begin PBXGroup section */
		1E217C022F93AFD100C7905D /* ViewModels */ = {
			isa = PBXGroup;
			children = (
				1E217C002F93AFD100C7905D /* DramaListViewModel.swift */,
				1E217C012F93AFD100C7905D /* SettingsViewModel.swift */,
			);
			path = ViewModels;
			sourceTree = "<group>";
		};
		AA300000 /* HuobaoDrama/HuobaoDrama */ = {
			isa = PBXGroup;
			children = (
				AA100001 /* HuobaoDramaApp.swift */,
				AA100002 /* ContentView.swift */,
				AA100003 /* Assets.xcassets */,
				1E217C022F93AFD100C7905D /* ViewModels */,
				AA300002 /* Preview Content */,
				AA300010 /* App */,
				AA300011 /* Models */,
				AA300012 /* Services */,
				AA300013 /* DesignSystem */,
				AA300014 /* Views */,
			);
			path = HuobaoDrama/HuobaoDrama;
			sourceTree = "<group>";
		};
		AA300001 /* Products */ = {
			isa = PBXGroup;
			children = (
				AA100000 /* HuobaoDrama.app */,
				AA100050 /* HuobaoDramaTests.xctest */,
			);
			name = Products;
			sourceTree = "<group>";
		};
		AA300002 /* Preview Content */ = {
			isa = PBXGroup;
			children = (
				AA100004 /* Preview Assets.xcassets */,
			);
			path = "Preview Content";
			sourceTree = "<group>";
		};
		AA300009 = {
			isa = PBXGroup;
			children = (
				AA300000 /* HuobaoDrama/HuobaoDrama */,
				AA300016 /* HuobaoDrama/HuobaoDramaTests */,
				AA300001 /* Products */,
			);
			sourceTree = "<group>";
		};
		AA300010 /* App */ = {
			isa = PBXGroup;
			children = (
				AA100005 /* Router.swift */,
			);
			path = App;
			sourceTree = "<group>";
		};
		AA300011 /* Models */ = {
			isa = PBXGroup;
			children = (
				AA100006 /* APIResponse.swift */,
				AA100007 /* Enums.swift */,
				AA100008 /* Drama.swift */,
				AA100009 /* Episode.swift */,
				AA100010 /* Character.swift */,
				AA100011 /* Scene.swift */,
				AA100012 /* Storyboard.swift */,
				AA100013 /* AIServiceConfig.swift */,
				AA100014 /* AgentConfig.swift */,
				AA100015 /* Skill.swift */,
				AA100016 /* VoiceProfile.swift */,
				AA100017 /* RequestTypes.swift */,
			);
			path = Models;
			sourceTree = "<group>";
		};
		AA300012 /* Services */ = {
			isa = PBXGroup;
			children = (
				AA100018 /* APIClient.swift */,
				AA100019 /* APIEndpoints.swift */,
				AA100020 /* ConnectionSettingsStore.swift */,
				AA100021 /* PollingCoordinator.swift */,
				AA100022 /* DownloadExportService.swift */,
			);
			path = Services;
			sourceTree = "<group>";
		};
		AA300013 /* DesignSystem */ = {
			isa = PBXGroup;
			children = (
				AA100023 /* Colors.swift */,
				AA100024 /* Typography.swift */,
				AA100025 /* DesignTokens.swift */,
				AA100026 /* Shadows.swift */,
				AA100027 /* ViewModifiers.swift */,
			);
			path = DesignSystem;
			sourceTree = "<group>";
		};
		AA300014 /* Views */ = {
			isa = PBXGroup;
			children = (
				AA300015 /* Common */,
			);
			path = Views;
			sourceTree = "<group>";
		};
		AA300015 /* Common */ = {
			isa = PBXGroup;
			children = (
				AA100028 /* SearchablePicker.swift */,
				AA100029 /* CardView.swift */,
				AA100030 /* TagView.swift */,
				AA100031 /* StatusDot.swift */,
				AA100032 /* LoadingOverlay.swift */,
				AA100033 /* EmptyStateView.swift */,
				AA100034 /* ImageViewer.swift */,
				AA100035 /* AudioPlayerView.swift */,
				AA100036 /* VideoPlayerView.swift */,
				AA100037 /* StepBubbleBar.swift */,
				AA100038 /* ModalSheet.swift */,
			);
			path = Common;
			sourceTree = "<group>";
		};
		AA300016 /* HuobaoDrama/HuobaoDramaTests */ = {
			isa = PBXGroup;
			children = (
				AA100039 /* ModelDecodingTests.swift */,
			);
			path = HuobaoDrama/HuobaoDramaTests;
			sourceTree = "<group>";
		};
/* End PBXGroup section */

/* Begin PBXNativeTarget section */
		AA400000 /* HuobaoDrama */ = {
			isa = PBXNativeTarget;
			buildConfigurationList = AA500001 /* Build configuration list for PBXNativeTarget "HuobaoDrama" */;
			buildPhases = (
				AA200001 /* Frameworks */,
				AA200002 /* Sources */,
				AA200003 /* Resources */,
			);
			buildRules = (
			);
			dependencies = (
			);
			name = HuobaoDrama;
			productName = HuobaoDrama;
			productReference = AA100000 /* HuobaoDrama.app */;
			productType = "com.apple.product-type.application";
		};
		AA400001 /* HuobaoDramaTests */ = {
			isa = PBXNativeTarget;
			buildConfigurationList = AA500010 /* Build configuration list for PBXNativeTarget "HuobaoDramaTests" */;
			buildPhases = (
				AA200010 /* Frameworks */,
				AA200011 /* Sources */,
			);
			buildRules = (
			);
			dependencies = (
				AA800000 /* PBXTargetDependency */,
			);
			name = HuobaoDramaTests;
			productName = HuobaoDramaTests;
			productReference = AA100050 /* HuobaoDramaTests.xctest */;
			productType = "com.apple.product-type.bundle.unit-test";
		};
/* End PBXNativeTarget section */

/* Begin PBXProject section */
		AA600000 /* Project object */ = {
			isa = PBXProject;
			attributes = {
				BuildIndependentTargetsInParallel = 1;
				LastSwiftUpdateCheck = 1600;
				LastUpgradeCheck = 1600;
				TargetAttributes = {
					AA400000 = {
						CreatedOnToolsVersion = 16.0;
					};
					AA400001 = {
						CreatedOnToolsVersion = 16.0;
						TestTargetID = AA400000;
					};
				};
			};
			buildConfigurationList = AA500000 /* Build configuration list for PBXProject "HuobaoDrama" */;
			compatibilityVersion = "Xcode 14.0";
			developmentRegion = "zh-Hans";
			hasScannedForEncodings = 0;
			knownRegions = (
				"zh-Hans",
				Base,
				en,
			);
			mainGroup = AA300009;
			productRefGroup = AA300001 /* Products */;
			projectDirPath = "";
			projectRoot = "";
			targets = (
				AA400000 /* HuobaoDrama */,
				AA400001 /* HuobaoDramaTests */,
			);
		};
/* End PBXProject section */

/* Begin PBXResourcesBuildPhase section */
		AA200003 /* Resources */ = {
			isa = PBXResourcesBuildPhase;
			buildActionMask = 2147483647;
			files = (
				AA000004 /* Preview Assets.xcassets in Resources */,
				AA000003 /* Assets.xcassets in Resources */,
			);
			runOnlyForDeploymentPostprocessing = 0;
		};
/* End PBXResourcesBuildPhase section */

/* Begin PBXSourcesBuildPhase section */
		AA200002 /* Sources */ = {
			isa = PBXSourcesBuildPhase;
			buildActionMask = 2147483647;
			files = (
				AA000001 /* HuobaoDramaApp.swift in Sources */,
				AA000002 /* ContentView.swift in Sources */,
				AA000005 /* Router.swift in Sources */,
				AA000006 /* APIResponse.swift in Sources */,
				AA000007 /* Enums.swift in Sources */,
				AA000008 /* Drama.swift in Sources */,
				AA000009 /* Episode.swift in Sources */,
				AA000010 /* Character.swift in Sources */,
				AA000011 /* Scene.swift in Sources */,
				AA000012 /* Storyboard.swift in Sources */,
				AA000013 /* AIServiceConfig.swift in Sources */,
				AA000014 /* AgentConfig.swift in Sources */,
				AA000015 /* Skill.swift in Sources */,
				AA000016 /* VoiceProfile.swift in Sources */,
				AA000017 /* RequestTypes.swift in Sources */,
				AA000018 /* APIClient.swift in Sources */,
				AA000019 /* APIEndpoints.swift in Sources */,
				AA000020 /* ConnectionSettingsStore.swift in Sources */,
				AA000021 /* PollingCoordinator.swift in Sources */,
				AA000022 /* DownloadExportService.swift in Sources */,
				AA000023 /* Colors.swift in Sources */,
				AA000024 /* Typography.swift in Sources */,
				AA000025 /* DesignTokens.swift in Sources */,
				AA000026 /* Shadows.swift in Sources */,
				AA000027 /* ViewModifiers.swift in Sources */,
				1E217C032F93AFD100C7905D /* SettingsViewModel.swift in Sources */,
				1E217C042F93AFD100C7905D /* DramaListViewModel.swift in Sources */,
				AA000028 /* SearchablePicker.swift in Sources */,
				AA000029 /* CardView.swift in Sources */,
				AA000030 /* TagView.swift in Sources */,
				AA000031 /* StatusDot.swift in Sources */,
				AA000032 /* LoadingOverlay.swift in Sources */,
				AA000033 /* EmptyStateView.swift in Sources */,
				AA000034 /* ImageViewer.swift in Sources */,
				AA000035 /* AudioPlayerView.swift in Sources */,
				AA000036 /* VideoPlayerView.swift in Sources */,
				AA000037 /* StepBubbleBar.swift in Sources */,
				AA000038 /* ModalSheet.swift in Sources */,
			);
			runOnlyForDeploymentPostprocessing = 0;
		};
		AA200011 /* Sources */ = {
			isa = PBXSourcesBuildPhase;
			buildActionMask = 2147483647;
			files = (
				AA000039 /* ModelDecodingTests.swift in Sources */,
			);
			runOnlyForDeploymentPostprocessing = 0;
		};
/* End PBXSourcesBuildPhase section */

/* Begin PBXTargetDependency section */
		AA800000 /* PBXTargetDependency */ = {
			isa = PBXTargetDependency;
			target = AA400000 /* HuobaoDrama */;
			targetProxy = AA810000 /* PBXContainerItemProxy */;
		};
/* End PBXTargetDependency section */

/* Begin XCBuildConfiguration section */
		AA700000 /* Debug */ = {
			isa = XCBuildConfiguration;
			buildSettings = {
				ALWAYS_SEARCH_USER_PATHS = NO;
				ASSETCATALOG_COMPILER_GENERATE_SWIFT_ASSET_SYMBOL_EXTENSIONS = YES;
				CLANG_ANALYZER_NONNULL = YES;
				CLANG_ANALYZER_NUMBER_OBJECT_CONVERSION = YES_AGGRESSIVE;
				CLANG_CXX_LANGUAGE_STANDARD = "gnu++20";
				CLANG_ENABLE_MODULES = YES;
				CLANG_ENABLE_OBJC_ARC = YES;
				CLANG_ENABLE_OBJC_WEAK = YES;
				CLANG_WARN_BLOCK_CAPTURE_AUTORELEASING = YES;
				CLANG_WARN_BOOL_CONVERSION = YES;
				CLANG_WARN_COMMA = YES;
				CLANG_WARN_CONSTANT_CONVERSION = YES;
				CLANG_WARN_DEPRECATED_OBJC_IMPLEMENTATIONS = YES;
				CLANG_WARN_DIRECT_OBJC_ISA_USAGE = YES_ERROR;
				CLANG_WARN_DOCUMENTATION_COMMENTS = YES;
				CLANG_WARN_EMPTY_BODY = YES;
				CLANG_WARN_ENUM_CONVERSION = YES;
				CLANG_WARN_INFINITE_RECURSION = YES;
				CLANG_WARN_INT_CONVERSION = YES;
				CLANG_WARN_NON_LITERAL_NULL_CONVERSION = YES;
				CLANG_WARN_OBJC_IMPLICIT_RETAIN_SELF = YES;
				CLANG_WARN_OBJC_LITERAL_CONVERSION = YES;
				CLANG_WARN_OBJC_ROOT_CLASS = YES_ERROR;
				CLANG_WARN_QUOTED_INCLUDE_IN_FRAMEWORK_HEADER = YES;
				CLANG_WARN_RANGE_LOOP_ANALYSIS = YES;
				CLANG_WARN_STRICT_PROTOTYPES = YES;
				CLANG_WARN_SUSPICIOUS_MOVE = YES;
				CLANG_WARN_UNGUARDED_AVAILABILITY = YES_AGGRESSIVE;
				CLANG_WARN_UNREACHABLE_CODE = YES;
				CLANG_WARN__DUPLICATE_METHOD_MATCH = YES;
				COPY_PHASE_STRIP = NO;
				DEBUG_INFORMATION_FORMAT = dwarf;
				ENABLE_STRICT_OBJC_MSGSEND = YES;
				ENABLE_TESTABILITY = YES;
				ENABLE_USER_SCRIPT_SANDBOXING = YES;
				GCC_C_LANGUAGE_STANDARD = gnu17;
				GCC_DYNAMIC_NO_PIC = NO;
				GCC_NO_COMMON_BLOCKS = YES;
				GCC_OPTIMIZATION_LEVEL = 0;
				GCC_PREPROCESSOR_DEFINITIONS = (
					"DEBUG=1",
					"$(inherited)",
				);
				GCC_WARN_64_TO_32_BIT_CONVERSION = YES;
				GCC_WARN_ABOUT_RETURN_TYPE = YES_ERROR;
				GCC_WARN_UNDECLARED_SELECTOR = YES;
				GCC_WARN_UNINITIALIZED_AUTOS = YES_AGGRESSIVE;
				GCC_WARN_UNUSED_FUNCTION = YES;
				GCC_WARN_UNUSED_VARIABLE = YES;
				LOCALIZATION_PREFERS_STRING_CATALOGS = YES;
				MACOSX_DEPLOYMENT_TARGET = 14.0;
				MTL_ENABLE_DEBUG_INFO = INCLUDE_SOURCE;
				MTL_FAST_MATH = YES;
				ONLY_ACTIVE_ARCH = YES;
				SDKROOT = macosx;
				SWIFT_ACTIVE_COMPILATION_CONDITIONS = "DEBUG $(inherited)";
				SWIFT_OPTIMIZATION_LEVEL = "-Onone";
			};
			name = Debug;
		};
		AA700001 /* Release */ = {
			isa = XCBuildConfiguration;
			buildSettings = {
				ALWAYS_SEARCH_USER_PATHS = NO;
				ASSETCATALOG_COMPILER_GENERATE_SWIFT_ASSET_SYMBOL_EXTENSIONS = YES;
				CLANG_ANALYZER_NONNULL = YES;
				CLANG_ANALYZER_NUMBER_OBJECT_CONVERSION = YES_AGGRESSIVE;
				CLANG_CXX_LANGUAGE_STANDARD = "gnu++20";
				CLANG_ENABLE_MODULES = YES;
				CLANG_ENABLE_OBJC_ARC = YES;
				CLANG_ENABLE_OBJC_WEAK = YES;
				CLANG_WARN_BLOCK_CAPTURE_AUTORELEASING = YES;
				CLANG_WARN_BOOL_CONVERSION = YES;
				CLANG_WARN_COMMA = YES;
				CLANG_WARN_CONSTANT_CONVERSION = YES;
				CLANG_WARN_DEPRECATED_OBJC_IMPLEMENTATIONS = YES;
				CLANG_WARN_DIRECT_OBJC_ISA_USAGE = YES_ERROR;
				CLANG_WARN_DOCUMENTATION_COMMENTS = YES;
				CLANG_WARN_EMPTY_BODY = YES;
				CLANG_WARN_ENUM_CONVERSION = YES;
				CLANG_WARN_INFINITE_RECURSION = YES;
				CLANG_WARN_INT_CONVERSION = YES;
				CLANG_WARN_NON_LITERAL_NULL_CONVERSION = YES;
				CLANG_WARN_OBJC_IMPLICIT_RETAIN_SELF = YES;
				CLANG_WARN_OBJC_LITERAL_CONVERSION = YES;
				CLANG_WARN_OBJC_ROOT_CLASS = YES_ERROR;
				CLANG_WARN_QUOTED_INCLUDE_IN_FRAMEWORK_HEADER = YES;
				CLANG_WARN_RANGE_LOOP_ANALYSIS = YES;
				CLANG_WARN_STRICT_PROTOTYPES = YES;
				CLANG_WARN_SUSPICIOUS_MOVE = YES;
				CLANG_WARN_UNGUARDED_AVAILABILITY = YES_AGGRESSIVE;
				CLANG_WARN_UNREACHABLE_CODE = YES;
				CLANG_WARN__DUPLICATE_METHOD_MATCH = YES;
				COPY_PHASE_STRIP = NO;
				DEBUG_INFORMATION_FORMAT = "dwarf-with-dsym";
				ENABLE_NS_ASSERTIONS = NO;
				ENABLE_STRICT_OBJC_MSGSEND = YES;
				ENABLE_USER_SCRIPT_SANDBOXING = YES;
				GCC_C_LANGUAGE_STANDARD = gnu17;
				GCC_NO_COMMON_BLOCKS = YES;
				GCC_WARN_64_TO_32_BIT_CONVERSION = YES;
				GCC_WARN_ABOUT_RETURN_TYPE = YES_ERROR;
				GCC_WARN_UNDECLARED_SELECTOR = YES;
				GCC_WARN_UNINITIALIZED_AUTOS = YES_AGGRESSIVE;
				GCC_WARN_UNUSED_FUNCTION = YES;
				GCC_WARN_UNUSED_VARIABLE = YES;
				LOCALIZATION_PREFERS_STRING_CATALOGS = YES;
				MACOSX_DEPLOYMENT_TARGET = 14.0;
				MTL_FAST_MATH = YES;
				SDKROOT = macosx;
				SWIFT_COMPILATION_MODE = wholemodule;
			};
			name = Release;
		};
		AA700002 /* Debug */ = {
			isa = XCBuildConfiguration;
			buildSettings = {
				ASSETCATALOG_COMPILER_APPICON_NAME = AppIcon;
				ASSETCATALOG_COMPILER_GLOBAL_ACCENT_COLOR_NAME = AccentColor;
				CODE_SIGN_ENTITLEMENTS = HuobaoDrama/HuobaoDrama.entitlements;
				CODE_SIGN_STYLE = Automatic;
				COMBINE_HIDPI_IMAGES = YES;
				CURRENT_PROJECT_VERSION = 1;
				DEVELOPMENT_ASSET_PATHS = "\"HuobaoDrama/HuobaoDrama/Preview Content\"";
				ENABLE_HARDENED_RUNTIME = YES;
				ENABLE_PREVIEWS = YES;
				GENERATE_INFOPLIST_FILE = YES;
				INFOPLIST_KEY_NSHumanReadableCopyright = "";
				INFOPLIST_KEY_NSPrincipalClass = NSApplication;
				LD_RUNPATH_SEARCH_PATHS = (
					"$(inherited)",
					"@executable_path/../Frameworks",
				);
				MARKETING_VERSION = 1.0;
				PRODUCT_BUNDLE_IDENTIFIER = com.huobao.drama;
				PRODUCT_NAME = "$(TARGET_NAME)";
				SWIFT_EMIT_LOC_STRINGS = YES;
				SWIFT_VERSION = 6.0;
			};
			name = Debug;
		};
		AA700003 /* Release */ = {
			isa = XCBuildConfiguration;
			buildSettings = {
				ASSETCATALOG_COMPILER_APPICON_NAME = AppIcon;
				ASSETCATALOG_COMPILER_GLOBAL_ACCENT_COLOR_NAME = AccentColor;
				CODE_SIGN_ENTITLEMENTS = HuobaoDrama/HuobaoDrama.entitlements;
				CODE_SIGN_STYLE = Automatic;
				COMBINE_HIDPI_IMAGES = YES;
				CURRENT_PROJECT_VERSION = 1;
				DEVELOPMENT_ASSET_PATHS = "\"HuobaoDrama/HuobaoDrama/Preview Content\"";
				ENABLE_HARDENED_RUNTIME = YES;
				ENABLE_PREVIEWS = YES;
				GENERATE_INFOPLIST_FILE = YES;
				INFOPLIST_KEY_NSHumanReadableCopyright = "";
				INFOPLIST_KEY_NSPrincipalClass = NSApplication;
				LD_RUNPATH_SEARCH_PATHS = (
					"$(inherited)",
					"@executable_path/../Frameworks",
				);
				MARKETING_VERSION = 1.0;
				PRODUCT_BUNDLE_IDENTIFIER = com.huobao.drama;
				PRODUCT_NAME = "$(TARGET_NAME)";
				SWIFT_EMIT_LOC_STRINGS = YES;
				SWIFT_VERSION = 6.0;
			};
			name = Release;
		};
		AA700010 /* Debug */ = {
			isa = XCBuildConfiguration;
			buildSettings = {
				BUNDLE_LOADER = "$(TEST_HOST)";
				CODE_SIGN_STYLE = Automatic;
				CURRENT_PROJECT_VERSION = 1;
				GENERATE_INFOPLIST_FILE = YES;
				MACOSX_DEPLOYMENT_TARGET = 14.0;
				MARKETING_VERSION = 1.0;
				PRODUCT_BUNDLE_IDENTIFIER = com.huobao.drama.tests;
				PRODUCT_NAME = "$(TARGET_NAME)";
				SDKROOT = macosx;
				SWIFT_VERSION = 6.0;
				TEST_HOST = "$(BUILT_PRODUCTS_DIR)/HuobaoDrama.app/Contents/MacOS/HuobaoDrama";
			};
			name = Debug;
		};
		AA700011 /* Release */ = {
			isa = XCBuildConfiguration;
			buildSettings = {
				BUNDLE_LOADER = "$(TEST_HOST)";
				CODE_SIGN_STYLE = Automatic;
				CURRENT_PROJECT_VERSION = 1;
				GENERATE_INFOPLIST_FILE = YES;
				MACOSX_DEPLOYMENT_TARGET = 14.0;
				MARKETING_VERSION = 1.0;
				PRODUCT_BUNDLE_IDENTIFIER = com.huobao.drama.tests;
				PRODUCT_NAME = "$(TARGET_NAME)";
				SDKROOT = macosx;
				SWIFT_VERSION = 6.0;
				TEST_HOST = "$(BUILT_PRODUCTS_DIR)/HuobaoDrama.app/Contents/MacOS/HuobaoDrama";
			};
			name = Release;
		};
/* End XCBuildConfiguration section */

/* Begin XCConfigurationList section */
		AA500000 /* Build configuration list for PBXProject "HuobaoDrama" */ = {
			isa = XCConfigurationList;
			buildConfigurations = (
				AA700000 /* Debug */,
				AA700001 /* Release */,
			);
			defaultConfigurationIsVisible = 0;
			defaultConfigurationName = Release;
		};
		AA500001 /* Build configuration list for PBXNativeTarget "HuobaoDrama" */ = {
			isa = XCConfigurationList;
			buildConfigurations = (
				AA700002 /* Debug */,
				AA700003 /* Release */,
			);
			defaultConfigurationIsVisible = 0;
			defaultConfigurationName = Release;
		};
		AA500010 /* Build configuration list for PBXNativeTarget "HuobaoDramaTests" */ = {
			isa = XCConfigurationList;
			buildConfigurations = (
				AA700010 /* Debug */,
				AA700011 /* Release */,
			);
			defaultConfigurationIsVisible = 0;
			defaultConfigurationName = Release;
		};
/* End XCConfigurationList section */
	};
	rootObject = AA600000 /* Project object */;
}
